
Microsoft Visual Studio Solution File, Format Version 12.00
# Visual Studio Version 17
VisualStudioVersion = 17.7.34009.444
MinimumVisualStudioVersion = 10.0.40219.1
Project("{FAE04EC0-301F-11D3-BF4B-00C04F79EFBC}") = "EkzamenShabalin", "EkzamenShabalin.csproj", "{CD55DF2C-EC96-4323-A13C-2BAB1D7B1791}"
EndProject
Global
	GlobalSection(SolutionConfigurationPlatforms) = preSolution
		Debug|Any CPU = Debug|Any CPU
		Release|Any CPU = Release|Any CPU
	EndGlobalSection
	GlobalSection(ProjectConfigurationPlatforms) = postSolution
		{CD55DF2C-EC96-4323-A13C-2BAB1D7B1791}.Debug|Any CPU.ActiveCfg = Debug|Any CPU
		{CD55DF2C-EC96-4323-A13C-2BAB1D7B1791}.Debug|Any CPU.Build.0 = Debug|Any CPU
		{CD55DF2C-EC96-4323-A13C-2BAB1D7B1791}.Release|Any CPU.ActiveCfg = Release|Any CPU
		{CD55DF2C-EC96-4323-A13C-2BAB1D7B1791}.Release|Any CPU.Build.0 = Release|Any CPU
	EndGlobalSection
	GlobalSection(SolutionProperties) = preSolution
		HideSolutionNode = FALSE
	EndGlobalSection
	GlobalSection(ExtensibilityGlobals) = postSolution
		SolutionGuid = {63400453-191D-44CE-A6E8-E52BEA9B4C46}
	EndGlobalSection
EndGlobal
